PODS:
  - p2.OAuth2 (1.2.7)

DEPENDENCIES:
  - p2.OAuth2 (from `https://github.com/p2/OAuth2.git`, branch `master`)

EXTERNAL SOURCES:
  p2.OAuth2:
    :branch: master
    :git: https://github.com/p2/OAuth2.git
    :submodules: true

CHECKOUT OPTIONS:
  p2.OAuth2:
    :commit: f1365c8cf78f3bb8a8aeaf349c29d12807ff8430
    :git: https://github.com/p2/OAuth2.git

SPEC CHECKSUMS:
  p2.OAuth2: 12027311ccf2125109b5274c6954496f1d479e0c

COCOAPODS: 0.37.2
